// !$*UTF8*$!
{
	archiveVersion = 1;
	classes = {
	};
	objectVersion = 56;
	objects = {

/* Begin PBXBuildFile section */
		022050D1E6924B1D86745C3A /* Pods_Navigation.framework in Frameworks */ = {isa = PBXBuildFile; fileRef = 3527E530AD42D60E9E61878D /* Pods_Navigation.framework */; };
		4B574341A09B18FF583FFFEF /* Pods_StorageService.framework in Frameworks */ = {isa = PBXBuildFile; fileRef = 7F488FE9F4D7F967E7115653 /* Pods_StorageService.framework */; };
		9111F49F2CBA5CA60026706B /* PhotoTableViewCell.swift in Sources */ = {isa = PBXBuildFile; fileRef = 9111F49E2CBA5CA60026706B /* PhotoTableViewCell.swift */; };
		912B77802CBAC94800FAA7B9 /* PhotosViewController.swift in Sources */ = {isa = PBXBuildFile; fileRef = 912B777F2CBAC94800FAA7B9 /* PhotosViewController.swift */; };
		912FCFEA2CB8439D00398121 /* PhotoCollectionViewCell.swift in Sources */ = {isa = PBXBuildFile; fileRef = 912FCFE92CB8439D00398121 /* PhotoCollectionViewCell.swift */; };
		9133DD8B2C0C4F8C00EE126E /* AppDelegate.swift in Sources */ = {isa = PBXBuildFile; fileRef = 9133DD8A2C0C4F8C00EE126E /* AppDelegate.swift */; };
		9133DD8D2C0C4F8C00EE126E /* SceneDelegate.swift in Sources */ = {isa = PBXBuildFile; fileRef = 9133DD8C2C0C4F8C00EE126E /* SceneDelegate.swift */; };
		9133DD8F2C0C4F8C00EE126E /* FeedViewController.swift in Sources */ = {isa = PBXBuildFile; fileRef = 9133DD8E2C0C4F8C00EE126E /* FeedViewController.swift */; };
		9133DD942C0C4F8D00EE126E /* Assets.xcassets in Resources */ = {isa = PBXBuildFile; fileRef = 9133DD932C0C4F8D00EE126E /* Assets.xcassets */; };
		9133DD972C0C4F8D00EE126E /* LaunchScreen.storyboard in Resources */ = {isa = PBXBuildFile; fileRef = 9133DD952C0C4F8D00EE126E /* LaunchScreen.storyboard */; };
		9133DD9F2C0C5B2800EE126E /* PostViewController.swift in Sources */ = {isa = PBXBuildFile; fileRef = 9133DD9E2C0C5B2800EE126E /* PostViewController.swift */; };
		9133DDA32C0C718700EE126E /* TabBarController.swift in Sources */ = {isa = PBXBuildFile; fileRef = 9133DDA22C0C718700EE126E /* TabBarController.swift */; };
		9133DDA52C0C7B1A00EE126E /* Post.swift in Sources */ = {isa = PBXBuildFile; fileRef = 9133DDA42C0C7B1A00EE126E /* Post.swift */; };
		9133DDA72C0C813900EE126E /* InfoViewController.swift in Sources */ = {isa = PBXBuildFile; fileRef = 9133DDA62C0C813900EE126E /* InfoViewController.swift */; };
		9133DDA92C0C9C6500EE126E /* .gitignore in Resources */ = {isa = PBXBuildFile; fileRef = 9133DDA82C0C9C6500EE126E /* .gitignore */; };
		914E0EA22CBEDFAA00F2CA0D /* StorageService.docc in Sources */ = {isa = PBXBuildFile; fileRef = 914E0EA12CBEDFAA00F2CA0D /* StorageService.docc */; };
		914E0EA32CBEDFAA00F2CA0D /* StorageService.h in Headers */ = {isa = PBXBuildFile; fileRef = 914E0EA02CBEDFAA00F2CA0D /* StorageService.h */; settings = {ATTRIBUTES = (Public, ); }; };
		914E0EA62CBEDFAA00F2CA0D /* StorageService.framework in Frameworks */ = {isa = PBXBuildFile; fileRef = 914E0E9E2CBEDFAA00F2CA0D /* StorageService.framework */; };
		914E0EA72CBEDFAA00F2CA0D /* StorageService.framework in Embed Frameworks */ = {isa = PBXBuildFile; fileRef = 914E0E9E2CBEDFAA00F2CA0D /* StorageService.framework */; settings = {ATTRIBUTES = (CodeSignOnCopy, RemoveHeadersOnCopy, ); }; };
		914E0EAE2CBEE12700F2CA0D /* Posts.swift in Sources */ = {isa = PBXBuildFile; fileRef = 91528C6A2CAEF12A007693A8 /* Posts.swift */; };
		91528C6D2CAEF4C1007693A8 /* ProfileTableHederView.swift in Sources */ = {isa = PBXBuildFile; fileRef = 91528C6C2CAEF4C1007693A8 /* ProfileTableHederView.swift */; };
		91528C6F2CAEF973007693A8 /* PostTableViewCell.swift in Sources */ = {isa = PBXBuildFile; fileRef = 91528C6E2CAEF973007693A8 /* PostTableViewCell.swift */; };
		91528C712CAF07C8007693A8 /* UiTableView.swift in Sources */ = {isa = PBXBuildFile; fileRef = 91528C702CAF07C8007693A8 /* UiTableView.swift */; };
		917813832C4828FD004CCD44 /* ProfileViewController.swift in Sources */ = {isa = PBXBuildFile; fileRef = 917813822C4828FD004CCD44 /* ProfileViewController.swift */; };
		917FF1D52CAD43EE00FA5865 /* LogInViewController.swift in Sources */ = {isa = PBXBuildFile; fileRef = 917FF1D42CAD43EE00FA5865 /* LogInViewController.swift */; };
/* End PBXBuildFile section */

/* Begin PBXContainerItemProxy section */
		914E0EA42CBEDFAA00F2CA0D /* PBXContainerItemProxy */ = {
			isa = PBXContainerItemProxy;
			containerPortal = 9133DD7F2C0C4F8C00EE126E /* Project object */;
			proxyType = 1;
			remoteGlobalIDString = 914E0E9D2CBEDFAA00F2CA0D;
			remoteInfo = StorageService;
		};
/* End PBXContainerItemProxy section */

/* Begin PBXCopyFilesBuildPhase section */
		914E0EA82CBEDFAA00F2CA0D /* Embed Frameworks */ = {
			isa = PBXCopyFilesBuildPhase;
			buildActionMask = 2147483647;
			dstPath = "";
			dstSubfolderSpec = 10;
			files = (
				914E0EA72CBEDFAA00F2CA0D /* StorageService.framework in Embed Frameworks */,
			);
			name = "Embed Frameworks";
			runOnlyForDeploymentPostprocessing = 0;
		};
/* End PBXCopyFilesBuildPhase section */

/* Begin PBXFileReference section */
		340324F76B5E755D9D0002E4 /* Pods-Navigation.debug.xcconfig */ = {isa = PBXFileReference; includeInIndex = 1; lastKnownFileType = text.xcconfig; name = "Pods-Navigation.debug.xcconfig"; path = "Target Support Files/Pods-Navigation/Pods-Navigation.debug.xcconfig"; sourceTree = "<group>"; };
		3527E530AD42D60E9E61878D /* Pods_Navigation.framework */ = {isa = PBXFileReference; explicitFileType = wrapper.framework; includeInIndex = 0; path = Pods_Navigation.framework; sourceTree = BUILT_PRODUCTS_DIR; };
		7F488FE9F4D7F967E7115653 /* Pods_StorageService.framework */ = {isa = PBXFileReference; explicitFileType = wrapper.framework; includeInIndex = 0; path = Pods_StorageService.framework; sourceTree = BUILT_PRODUCTS_DIR; };
		86B45F6CDA628249D8A2EEBD /* Pods-StorageService.release.xcconfig */ = {isa = PBXFileReference; includeInIndex = 1; lastKnownFileType = text.xcconfig; name = "Pods-StorageService.release.xcconfig"; path = "Target Support Files/Pods-StorageService/Pods-StorageService.release.xcconfig"; sourceTree = "<group>"; };
		9111F49E2CBA5CA60026706B /* PhotoTableViewCell.swift */ = {isa = PBXFileReference; lastKnownFileType = sourcecode.swift; path = PhotoTableViewCell.swift; sourceTree = "<group>"; };
		912B777F2CBAC94800FAA7B9 /* PhotosViewController.swift */ = {isa = PBXFileReference; lastKnownFileType = sourcecode.swift; path = PhotosViewController.swift; sourceTree = "<group>"; };
		912FCFE92CB8439D00398121 /* PhotoCollectionViewCell.swift */ = {isa = PBXFileReference; lastKnownFileType = sourcecode.swift; path = PhotoCollectionViewCell.swift; sourceTree = "<group>"; };
		9133DD872C0C4F8C00EE126E /* Navigation.app */ = {isa = PBXFileReference; explicitFileType = wrapper.application; includeInIndex = 0; path = Navigation.app; sourceTree = BUILT_PRODUCTS_DIR; };
		9133DD8A2C0C4F8C00EE126E /* AppDelegate.swift */ = {isa = PBXFileReference; lastKnownFileType = sourcecode.swift; path = AppDelegate.swift; sourceTree = "<group>"; };
		9133DD8C2C0C4F8C00EE126E /* SceneDelegate.swift */ = {isa = PBXFileReference; lastKnownFileType = sourcecode.swift; path = SceneDelegate.swift; sourceTree = "<group>"; };
		9133DD8E2C0C4F8C00EE126E /* FeedViewController.swift */ = {isa = PBXFileReference; lastKnownFileType = sourcecode.swift; path = FeedViewController.swift; sourceTree = "<group>"; };
		9133DD932C0C4F8D00EE126E /* Assets.xcassets */ = {isa = PBXFileReference; lastKnownFileType = folder.assetcatalog; path = Assets.xcassets; sourceTree = "<group>"; };
		9133DD962C0C4F8D00EE126E /* Base */ = {isa = PBXFileReference; lastKnownFileType = file.storyboard; name = Base; path = Base.lproj/LaunchScreen.storyboard; sourceTree = "<group>"; };
		9133DD982C0C4F8D00EE126E /* Info.plist */ = {isa = PBXFileReference; lastKnownFileType = text.plist.xml; path = Info.plist; sourceTree = "<group>"; };
		9133DD9E2C0C5B2800EE126E /* PostViewController.swift */ = {isa = PBXFileReference; lastKnownFileType = sourcecode.swift; path = PostViewController.swift; sourceTree = "<group>"; };
		9133DDA22C0C718700EE126E /* TabBarController.swift */ = {isa = PBXFileReference; lastKnownFileType = sourcecode.swift; path = TabBarController.swift; sourceTree = "<group>"; };
		9133DDA42C0C7B1A00EE126E /* Post.swift */ = {isa = PBXFileReference; lastKnownFileType = sourcecode.swift; path = Post.swift; sourceTree = "<group>"; };
		9133DDA62C0C813900EE126E /* InfoViewController.swift */ = {isa = PBXFileReference; lastKnownFileType = sourcecode.swift; path = InfoViewController.swift; sourceTree = "<group>"; };
		9133DDA82C0C9C6500EE126E /* .gitignore */ = {isa = PBXFileReference; lastKnownFileType = text; path = .gitignore; sourceTree = "<group>"; };
		914E0E9E2CBEDFAA00F2CA0D /* StorageService.framework */ = {isa = PBXFileReference; explicitFileType = wrapper.framework; includeInIndex = 0; path = StorageService.framework; sourceTree = BUILT_PRODUCTS_DIR; };
		914E0EA02CBEDFAA00F2CA0D /* StorageService.h */ = {isa = PBXFileReference; lastKnownFileType = sourcecode.c.h; path = StorageService.h; sourceTree = "<group>"; };
		914E0EA12CBEDFAA00F2CA0D /* StorageService.docc */ = {isa = PBXFileReference; lastKnownFileType = folder.documentationcatalog; path = StorageService.docc; sourceTree = "<group>"; };
		91528C6A2CAEF12A007693A8 /* Posts.swift */ = {isa = PBXFileReference; lastKnownFileType = sourcecode.swift; path = Posts.swift; sourceTree = "<group>"; };
		91528C6C2CAEF4C1007693A8 /* ProfileTableHederView.swift */ = {isa = PBXFileReference; lastKnownFileType = sourcecode.swift; path = ProfileTableHederView.swift; sourceTree = "<group>"; };
		91528C6E2CAEF973007693A8 /* PostTableViewCell.swift */ = {isa = PBXFileReference; lastKnownFileType = sourcecode.swift; path = PostTableViewCell.swift; sourceTree = "<group>"; };
		91528C702CAF07C8007693A8 /* UiTableView.swift */ = {isa = PBXFileReference; lastKnownFileType = sourcecode.swift; path = UiTableView.swift; sourceTree = "<group>"; };
		917813822C4828FD004CCD44 /* ProfileViewController.swift */ = {isa = PBXFileReference; lastKnownFileType = sourcecode.swift; path = ProfileViewController.swift; sourceTree = "<group>"; };
		917FF1D42CAD43EE00FA5865 /* LogInViewController.swift */ = {isa = PBXFileReference; lastKnownFileType = sourcecode.swift; path = LogInViewController.swift; sourceTree = "<group>"; };
		C9DC74C2334B09D89873B6E4 /* Pods-StorageService.debug.xcconfig */ = {isa = PBXFileReference; includeInIndex = 1; lastKnownFileType = text.xcconfig; name = "Pods-StorageService.debug.xcconfig"; path = "Target Support Files/Pods-StorageService/Pods-StorageService.debug.xcconfig"; sourceTree = "<group>"; };
		D0CD71DB63E63CA20668F642 /* Pods-Navigation.release.xcconfig */ = {isa = PBXFileReference; includeInIndex = 1; lastKnownFileType = text.xcconfig; name = "Pods-Navigation.release.xcconfig"; path = "Target Support Files/Pods-Navigation/Pods-Navigation.release.xcconfig"; sourceTree = "<group>"; };
/* End PBXFileReference section */

/* Begin PBXFrameworksBuildPhase section */
		9133DD842C0C4F8C00EE126E /* Frameworks */ = {
			isa = PBXFrameworksBuildPhase;
			buildActionMask = 2147483647;
			files = (
				914E0EA62CBEDFAA00F2CA0D /* StorageService.framework in Frameworks */,
				022050D1E6924B1D86745C3A /* Pods_Navigation.framework in Frameworks */,
			);
			runOnlyForDeploymentPostprocessing = 0;
		};
		914E0E9B2CBEDFAA00F2CA0D /* Frameworks */ = {
			isa = PBXFrameworksBuildPhase;
			buildActionMask = 2147483647;
			files = (
				4B574341A09B18FF583FFFEF /* Pods_StorageService.framework in Frameworks */,
			);
			runOnlyForDeploymentPostprocessing = 0;
		};
/* End PBXFrameworksBuildPhase section */

/* Begin PBXGroup section */
		822EF7CB0B2202AAA34C0129 /* Frameworks */ = {
			isa = PBXGroup;
			children = (
				3527E530AD42D60E9E61878D /* Pods_Navigation.framework */,
				7F488FE9F4D7F967E7115653 /* Pods_StorageService.framework */,
			);
			name = Frameworks;
			sourceTree = "<group>";
		};
		9111F4A02CBA5E8B0026706B /* Collection */ = {
			isa = PBXGroup;
			children = (
				912FCFE92CB8439D00398121 /* PhotoCollectionViewCell.swift */,
			);
			path = Collection;
			sourceTree = "<group>";
		};
		9111F4A12CBA82340026706B /* Table */ = {
			isa = PBXGroup;
			children = (
				91528C6E2CAEF973007693A8 /* PostTableViewCell.swift */,
				9111F49E2CBA5CA60026706B /* PhotoTableViewCell.swift */,
			);
			path = Table;
			sourceTree = "<group>";
		};
		912B777E2CBAC92D00FAA7B9 /* Photos */ = {
			isa = PBXGroup;
			children = (
				912B777F2CBAC94800FAA7B9 /* PhotosViewController.swift */,
			);
			path = Photos;
			sourceTree = "<group>";
		};
		9133DD7E2C0C4F8C00EE126E = {
			isa = PBXGroup;
			children = (
				9133DD892C0C4F8C00EE126E /* Navigation */,
				9133DDA82C0C9C6500EE126E /* .gitignore */,
				914E0E9F2CBEDFAA00F2CA0D /* StorageService */,
				9133DD882C0C4F8C00EE126E /* Products */,
				E42053D4B60BF1A9625DFBA0 /* Pods */,
				822EF7CB0B2202AAA34C0129 /* Frameworks */,
			);
			sourceTree = "<group>";
		};
		9133DD882C0C4F8C00EE126E /* Products */ = {
			isa = PBXGroup;
			children = (
				9133DD872C0C4F8C00EE126E /* Navigation.app */,
				914E0E9E2CBEDFAA00F2CA0D /* StorageService.framework */,
			);
			name = Products;
			sourceTree = "<group>";
		};
		9133DD892C0C4F8C00EE126E /* Navigation */ = {
			isa = PBXGroup;
			children = (
				912B777E2CBAC92D00FAA7B9 /* Photos */,
				9111F4A12CBA82340026706B /* Table */,
				9111F4A02CBA5E8B0026706B /* Collection */,
				91528C692CAEF102007693A8 /* Posts */,
				9178137F2C4827E2004CCD44 /* Profile */,
				9133DD8A2C0C4F8C00EE126E /* AppDelegate.swift */,
				9133DD8C2C0C4F8C00EE126E /* SceneDelegate.swift */,
				9133DDA22C0C718700EE126E /* TabBarController.swift */,
				9133DDA62C0C813900EE126E /* InfoViewController.swift */,
				9133DD9E2C0C5B2800EE126E /* PostViewController.swift */,
				9133DD8E2C0C4F8C00EE126E /* FeedViewController.swift */,
				9133DD932C0C4F8D00EE126E /* Assets.xcassets */,
				9133DD952C0C4F8D00EE126E /* LaunchScreen.storyboard */,
				9133DD982C0C4F8D00EE126E /* Info.plist */,
				9133DDA42C0C7B1A00EE126E /* Post.swift */,
				91528C702CAF07C8007693A8 /* UiTableView.swift */,
			);
			path = Navigation;
			sourceTree = "<group>";
		};
		914E0E9F2CBEDFAA00F2CA0D /* StorageService */ = {
			isa = PBXGroup;
			children = (
				91528C6A2CAEF12A007693A8 /* Posts.swift */,
				914E0EA02CBEDFAA00F2CA0D /* StorageService.h */,
				914E0EA12CBEDFAA00F2CA0D /* StorageService.docc */,
			);
			path = StorageService;
			sourceTree = "<group>";
		};
		91528C692CAEF102007693A8 /* Posts */ = {
			isa = PBXGroup;
			children = (
			);
			path = Posts;
			sourceTree = "<group>";
		};
		9178137F2C4827E2004CCD44 /* Profile */ = {
			isa = PBXGroup;
			children = (
				917813822C4828FD004CCD44 /* ProfileViewController.swift */,
				917FF1D42CAD43EE00FA5865 /* LogInViewController.swift */,
				91528C6C2CAEF4C1007693A8 /* ProfileTableHederView.swift */,
			);
			path = Profile;
			sourceTree = "<group>";
		};
		E42053D4B60BF1A9625DFBA0 /* Pods */ = {
			isa = PBXGroup;
			children = (
				340324F76B5E755D9D0002E4 /* Pods-Navigation.debug.xcconfig */,
				D0CD71DB63E63CA20668F642 /* Pods-Navigation.release.xcconfig */,
				C9DC74C2334B09D89873B6E4 /* Pods-StorageService.debug.xcconfig */,
				86B45F6CDA628249D8A2EEBD /* Pods-StorageService.release.xcconfig */,
			);
			path = Pods;
			sourceTree = "<group>";
		};
/* End PBXGroup section */

/* Begin PBXHeadersBuildPhase section */
		914E0E992CBEDFAA00F2CA0D /* Headers */ = {
			isa = PBXHeadersBuildPhase;
			buildActionMask = 2147483647;
			files = (
				914E0EA32CBEDFAA00F2CA0D /* StorageService.h in Headers */,
			);
			runOnlyForDeploymentPostprocessing = 0;
		};
/* End PBXHeadersBuildPhase section */

/* Begin PBXNativeTarget section */
		9133DD862C0C4F8C00EE126E /* Navigation */ = {
			isa = PBXNativeTarget;
			buildConfigurationList = 9133DD9B2C0C4F8D00EE126E /* Build configuration list for PBXNativeTarget "Navigation" */;
			buildPhases = (
				FEB932F554408CF0FEC5532C /* [CP] Check Pods Manifest.lock */,
				9133DD832C0C4F8C00EE126E /* Sources */,
				9133DD842C0C4F8C00EE126E /* Frameworks */,
				9133DD852C0C4F8C00EE126E /* Resources */,
				914E0EA82CBEDFAA00F2CA0D /* Embed Frameworks */,
				357F73B2780D525D215BAE7B /* [CP] Embed Pods Frameworks */,
			);
			buildRules = (
			);
			dependencies = (
				914E0EA52CBEDFAA00F2CA0D /* PBXTargetDependency */,
			);
			name = Navigation;
			productName = Navigation;
			productReference = 9133DD872C0C4F8C00EE126E /* Navigation.app */;
			productType = "com.apple.product-type.application";
		};
		914E0E9D2CBEDFAA00F2CA0D /* StorageService */ = {
			isa = PBXNativeTarget;
			buildConfigurationList = 914E0EAB2CBEDFAA00F2CA0D /* Build configuration list for PBXNativeTarget "StorageService" */;
			buildPhases = (
				149EF395D0CAAC7CC894B2EA /* [CP] Check Pods Manifest.lock */,
				914E0E992CBEDFAA00F2CA0D /* Headers */,
				914E0E9A2CBEDFAA00F2CA0D /* Sources */,
				914E0E9B2CBEDFAA00F2CA0D /* Frameworks */,
				914E0E9C2CBEDFAA00F2CA0D /* Resources */,
			);
			buildRules = (
			);
			dependencies = (
			);
			name = StorageService;
			productName = StorageService;
			productReference = 914E0E9E2CBEDFAA00F2CA0D /* StorageService.framework */;
			productType = "com.apple.product-type.framework";
		};
/* End PBXNativeTarget section */

/* Begin PBXProject section */
		9133DD7F2C0C4F8C00EE126E /* Project object */ = {
			isa = PBXProject;
			attributes = {
				BuildIndependentTargetsInParallel = 1;
				LastSwiftUpdateCheck = 1510;
				LastUpgradeCheck = 1510;
				TargetAttributes = {
					9133DD862C0C4F8C00EE126E = {
						CreatedOnToolsVersion = 15.1;
					};
					914E0E9D2CBEDFAA00F2CA0D = {
						CreatedOnToolsVersion = 15.1;
					};
				};
			};
			buildConfigurationList = 9133DD822C0C4F8C00EE126E /* Build configuration list for PBXProject "Navigation" */;
			compatibilityVersion = "Xcode 14.0";
			developmentRegion = en;
			hasScannedForEncodings = 0;
			knownRegions = (
				en,
				Base,
			);
			mainGroup = 9133DD7E2C0C4F8C00EE126E;
			productRefGroup = 9133DD882C0C4F8C00EE126E /* Products */;
			projectDirPath = "";
			projectRoot = "";
			targets = (
				9133DD862C0C4F8C00EE126E /* Navigation */,
				914E0E9D2CBEDFAA00F2CA0D /* StorageService */,
			);
		};
/* End PBXProject section */

/* Begin PBXResourcesBuildPhase section */
		9133DD852C0C4F8C00EE126E /* Resources */ = {
			isa = PBXResourcesBuildPhase;
			buildActionMask = 2147483647;
			files = (
				9133DD972C0C4F8D00EE126E /* LaunchScreen.storyboard in Resources */,
				9133DDA92C0C9C6500EE126E /* .gitignore in Resources */,
				9133DD942C0C4F8D00EE126E /* Assets.xcassets in Resources */,
			);
			runOnlyForDeploymentPostprocessing = 0;
		};
		914E0E9C2CBEDFAA00F2CA0D /* Resources */ = {
			isa = PBXResourcesBuildPhase;
			buildActionMask = 2147483647;
			files = (
			);
			runOnlyForDeploymentPostprocessing = 0;
		};
/* End PBXResourcesBuildPhase section */

/* Begin PBXShellScriptBuildPhase section */
		149EF395D0CAAC7CC894B2EA /* [CP] Check Pods Manifest.lock */ = {
			isa = PBXShellScriptBuildPhase;
			buildActionMask = 2147483647;
			files = (
			);
			inputFileListPaths = (
			);
			inputPaths = (
				"${PODS_PODFILE_DIR_PATH}/Podfile.lock",
				"${PODS_ROOT}/Manifest.lock",
			);
			name = "[CP] Check Pods Manifest.lock";
			outputFileListPaths = (
			);
			outputPaths = (
				"$(DERIVED_FILE_DIR)/Pods-StorageService-checkManifestLockResult.txt",
			);
			runOnlyForDeploymentPostprocessing = 0;
			shellPath = /bin/sh;
			shellScript = "diff \"${PODS_PODFILE_DIR_PATH}/Podfile.lock\" \"${PODS_ROOT}/Manifest.lock\" > /dev/null\nif [ $? != 0 ] ; then\n    # print error to STDERR\n    echo \"error: The sandbox is not in sync with the Podfile.lock. Run 'pod install' or update your CocoaPods installation.\" >&2\n    exit 1\nfi\n# This output is used by Xcode 'outputs' to avoid re-running this script phase.\necho \"SUCCESS\" > \"${SCRIPT_OUTPUT_FILE_0}\"\n";
			showEnvVarsInLog = 0;
		};
		357F73B2780D525D215BAE7B /* [CP] Embed Pods Frameworks */ = {
			isa = PBXShellScriptBuildPhase;
			buildActionMask = 2147483647;
			files = (
			);
			inputFileListPaths = (
				"${PODS_ROOT}/Target Support Files/Pods-Navigation/Pods-Navigation-frameworks-${CONFIGURATION}-input-files.xcfilelist",
			);
			name = "[CP] Embed Pods Frameworks";
			outputFileListPaths = (
				"${PODS_ROOT}/Target Support Files/Pods-Navigation/Pods-Navigation-frameworks-${CONFIGURATION}-output-files.xcfilelist",
			);
			runOnlyForDeploymentPostprocessing = 0;
			shellPath = /bin/sh;
			shellScript = "\"${PODS_ROOT}/Target Support Files/Pods-Navigation/Pods-Navigation-frameworks.sh\"\n";
			showEnvVarsInLog = 0;
		};
		FEB932F554408CF0FEC5532C /* [CP] Check Pods Manifest.lock */ = {
			isa = PBXShellScriptBuildPhase;
			buildActionMask = 2147483647;
			files = (
			);
			inputFileListPaths = (
			);
			inputPaths = (
				"${PODS_PODFILE_DIR_PATH}/Podfile.lock",
				"${PODS_ROOT}/Manifest.lock",
			);
			name = "[CP] Check Pods Manifest.lock";
			outputFileListPaths = (
			);
			outputPaths = (
				"$(DERIVED_FILE_DIR)/Pods-Navigation-checkManifestLockResult.txt",
			);
			runOnlyForDeploymentPostprocessing = 0;
			shellPath = /bin/sh;
			shellScript = "diff \"${PODS_PODFILE_DIR_PATH}/Podfile.lock\" \"${PODS_ROOT}/Manifest.lock\" > /dev/null\nif [ $? != 0 ] ; then\n    # print error to STDERR\n    echo \"error: The sandbox is not in sync with the Podfile.lock. Run 'pod install' or update your CocoaPods installation.\" >&2\n    exit 1\nfi\n# This output is used by Xcode 'outputs' to avoid re-running this script phase.\necho \"SUCCESS\" > \"${SCRIPT_OUTPUT_FILE_0}\"\n";
			showEnvVarsInLog = 0;
		};
/* End PBXShellScriptBuildPhase section */

/* Begin PBXSourcesBuildPhase section */
		9133DD832C0C4F8C00EE126E /* Sources */ = {
			isa = PBXSourcesBuildPhase;
			buildActionMask = 2147483647;
			files = (
				9133DD9F2C0C5B2800EE126E /* PostViewController.swift in Sources */,
				912B77802CBAC94800FAA7B9 /* PhotosViewController.swift in Sources */,
				91528C712CAF07C8007693A8 /* UiTableView.swift in Sources */,
				9133DD8F2C0C4F8C00EE126E /* FeedViewController.swift in Sources */,
				917813832C4828FD004CCD44 /* ProfileViewController.swift in Sources */,
				912FCFEA2CB8439D00398121 /* PhotoCollectionViewCell.swift in Sources */,
				9133DDA32C0C718700EE126E /* TabBarController.swift in Sources */,
				9133DD8B2C0C4F8C00EE126E /* AppDelegate.swift in Sources */,
				9133DDA72C0C813900EE126E /* InfoViewController.swift in Sources */,
				9111F49F2CBA5CA60026706B /* PhotoTableViewCell.swift in Sources */,
				9133DDA52C0C7B1A00EE126E /* Post.swift in Sources */,
				917FF1D52CAD43EE00FA5865 /* LogInViewController.swift in Sources */,
				91528C6D2CAEF4C1007693A8 /* ProfileTableHederView.swift in Sources */,
				9133DD8D2C0C4F8C00EE126E /* SceneDelegate.swift in Sources */,
				91528C6F2CAEF973007693A8 /* PostTableViewCell.swift in Sources */,
			);
			runOnlyForDeploymentPostprocessing = 0;
		};
		914E0E9A2CBEDFAA00F2CA0D /* Sources */ = {
			isa = PBXSourcesBuildPhase;
			buildActionMask = 2147483647;
			files = (
				914E0EA22CBEDFAA00F2CA0D /* StorageService.docc in Sources */,
				914E0EAE2CBEE12700F2CA0D /* Posts.swift in Sources */,
			);
			runOnlyForDeploymentPostprocessing = 0;
		};
/* End PBXSourcesBuildPhase section */

/* Begin PBXTargetDependency section */
		914E0EA52CBEDFAA00F2CA0D /* PBXTargetDependency */ = {
			isa = PBXTargetDependency;
			target = 914E0E9D2CBEDFAA00F2CA0D /* StorageService */;
			targetProxy = 914E0EA42CBEDFAA00F2CA0D /* PBXContainerItemProxy */;
		};
/* End PBXTargetDependency section */

/* Begin PBXVariantGroup section */
		9133DD952C0C4F8D00EE126E /* LaunchScreen.storyboard */ = {
			isa = PBXVariantGroup;
			children = (
				9133DD962C0C4F8D00EE126E /* Base */,
			);
			name = LaunchScreen.storyboard;
			sourceTree = "<group>";
		};
/* End PBXVariantGroup section */

/* Begin XCBuildConfiguration section */
		9133DD992C0C4F8D00EE126E /* Debug */ = {
			isa = XCBuildConfiguration;
			buildSettings = {
				ALWAYS_SEARCH_USER_PATHS = NO;
				ASSETCATALOG_COMPILER_GENERATE_SWIFT_ASSET_SYMBOL_EXTENSIONS = YES;
				CLANG_ANALYZER_NONNULL = YES;
				CLANG_ANALYZER_NUMBER_OBJECT_CONVERSION = YES_AGGRESSIVE;
				CLANG_CXX_LANGUAGE_STANDARD = "gnu++20";
				CLANG_ENABLE_MODULES = YES;
				CLANG_ENABLE_OBJC_ARC = YES;
				CLANG_ENABLE_OBJC_WEAK = YES;
				CLANG_WARN_BLOCK_CAPTURE_AUTORELEASING = YES;
				CLANG_WARN_BOOL_CONVERSION = YES;
				CLANG_WARN_COMMA = YES;
				CLANG_WARN_CONSTANT_CONVERSION = YES;
				CLANG_WARN_DEPRECATED_OBJC_IMPLEMENTATIONS = YES;
				CLANG_WARN_DIRECT_OBJC_ISA_USAGE = YES_ERROR;
				CLANG_WARN_DOCUMENTATION_COMMENTS = YES;
				CLANG_WARN_EMPTY_BODY = YES;
				CLANG_WARN_ENUM_CONVERSION = YES;
				CLANG_WARN_INFINITE_RECURSION = YES;
				CLANG_WARN_INT_CONVERSION = YES;
				CLANG_WARN_NON_LITERAL_NULL_CONVERSION = YES;
				CLANG_WARN_OBJC_IMPLICIT_RETAIN_SELF = YES;
				CLANG_WARN_OBJC_LITERAL_CONVERSION = YES;
				CLANG_WARN_OBJC_ROOT_CLASS = YES_ERROR;
				CLANG_WARN_QUOTED_INCLUDE_IN_FRAMEWORK_HEADER = YES;
				CLANG_WARN_RANGE_LOOP_ANALYSIS = YES;
				CLANG_WARN_STRICT_PROTOTYPES = YES;
				CLANG_WARN_SUSPICIOUS_MOVE = YES;
				CLANG_WARN_UNGUARDED_AVAILABILITY = YES_AGGRESSIVE;
				CLANG_WARN_UNREACHABLE_CODE = YES;
				CLANG_WARN__DUPLICATE_METHOD_MATCH = YES;
				COPY_PHASE_STRIP = NO;
				DEBUG_INFORMATION_FORMAT = dwarf;
				ENABLE_STRICT_OBJC_MSGSEND = YES;
				ENABLE_TESTABILITY = YES;
				ENABLE_USER_SCRIPT_SANDBOXING = YES;
				GCC_C_LANGUAGE_STANDARD = gnu17;
				GCC_DYNAMIC_NO_PIC = NO;
				GCC_NO_COMMON_BLOCKS = YES;
				GCC_OPTIMIZATION_LEVEL = 0;
				GCC_PREPROCESSOR_DEFINITIONS = (
					"DEBUG=1",
					"$(inherited)",
				);
				GCC_WARN_64_TO_32_BIT_CONVERSION = YES;
				GCC_WARN_ABOUT_RETURN_TYPE = YES_ERROR;
				GCC_WARN_UNDECLARED_SELECTOR = YES;
				GCC_WARN_UNINITIALIZED_AUTOS = YES_AGGRESSIVE;
				GCC_WARN_UNUSED_FUNCTION = YES;
				GCC_WARN_UNUSED_VARIABLE = YES;
				IPHONEOS_DEPLOYMENT_TARGET = 17.2;
				LOCALIZATION_PREFERS_STRING_CATALOGS = YES;
				MTL_ENABLE_DEBUG_INFO = INCLUDE_SOURCE;
				MTL_FAST_MATH = YES;
				ONLY_ACTIVE_ARCH = YES;
				SDKROOT = iphoneos;
				SWIFT_ACTIVE_COMPILATION_CONDITIONS = "DEBUG $(inherited)";
				SWIFT_OPTIMIZATION_LEVEL = "-Onone";
			};
			name = Debug;
		};
		9133DD9A2C0C4F8D00EE126E /* Release */ = {
			isa = XCBuildConfiguration;
			buildSettings = {
				ALWAYS_SEARCH_USER_PATHS = NO;
				ASSETCATALOG_COMPILER_GENERATE_SWIFT_ASSET_SYMBOL_EXTENSIONS = YES;
				CLANG_ANALYZER_NONNULL = YES;
				CLANG_ANALYZER_NUMBER_OBJECT_CONVERSION = YES_AGGRESSIVE;
				CLANG_CXX_LANGUAGE_STANDARD = "gnu++20";
				CLANG_ENABLE_MODULES = YES;
				CLANG_ENABLE_OBJC_ARC = YES;
				CLANG_ENABLE_OBJC_WEAK = YES;
				CLANG_WARN_BLOCK_CAPTURE_AUTORELEASING = YES;
				CLANG_WARN_BOOL_CONVERSION = YES;
				CLANG_WARN_COMMA = YES;
				CLANG_WARN_CONSTANT_CONVERSION = YES;
				CLANG_WARN_DEPRECATED_OBJC_IMPLEMENTATIONS = YES;
				CLANG_WARN_DIRECT_OBJC_ISA_USAGE = YES_ERROR;
				CLANG_WARN_DOCUMENTATION_COMMENTS = YES;
				CLANG_WARN_EMPTY_BODY = YES;
				CLANG_WARN_ENUM_CONVERSION = YES;
				CLANG_WARN_INFINITE_RECURSION = YES;
				CLANG_WARN_INT_CONVERSION = YES;
				CLANG_WARN_NON_LITERAL_NULL_CONVERSION = YES;
				CLANG_WARN_OBJC_IMPLICIT_RETAIN_SELF = YES;
				CLANG_WARN_OBJC_LITERAL_CONVERSION = YES;
				CLANG_WARN_OBJC_ROOT_CLASS = YES_ERROR;
				CLANG_WARN_QUOTED_INCLUDE_IN_FRAMEWORK_HEADER = YES;
				CLANG_WARN_RANGE_LOOP_ANALYSIS = YES;
				CLANG_WARN_STRICT_PROTOTYPES = YES;
				CLANG_WARN_SUSPICIOUS_MOVE = YES;
				CLANG_WARN_UNGUARDED_AVAILABILITY = YES_AGGRESSIVE;
				CLANG_WARN_UNREACHABLE_CODE = YES;
				CLANG_WARN__DUPLICATE_METHOD_MATCH = YES;
				COPY_PHASE_STRIP = NO;
				DEBUG_INFORMATION_FORMAT = "dwarf-with-dsym";
				ENABLE_NS_ASSERTIONS = NO;
				ENABLE_STRICT_OBJC_MSGSEND = YES;
				ENABLE_USER_SCRIPT_SANDBOXING = YES;
				GCC_C_LANGUAGE_STANDARD = gnu17;
				GCC_NO_COMMON_BLOCKS = YES;
				GCC_WARN_64_TO_32_BIT_CONVERSION = YES;
				GCC_WARN_ABOUT_RETURN_TYPE = YES_ERROR;
				GCC_WARN_UNDECLARED_SELECTOR = YES;
				GCC_WARN_UNINITIALIZED_AUTOS = YES_AGGRESSIVE;
				GCC_WARN_UNUSED_FUNCTION = YES;
				GCC_WARN_UNUSED_VARIABLE = YES;
				IPHONEOS_DEPLOYMENT_TARGET = 17.2;
				LOCALIZATION_PREFERS_STRING_CATALOGS = YES;
				MTL_ENABLE_DEBUG_INFO = NO;
				MTL_FAST_MATH = YES;
				SDKROOT = iphoneos;
				SWIFT_COMPILATION_MODE = wholemodule;
				VALIDATE_PRODUCT = YES;
			};
			name = Release;
		};
		9133DD9C2C0C4F8D00EE126E /* Debug */ = {
			isa = XCBuildConfiguration;
			baseConfigurationReference = 340324F76B5E755D9D0002E4 /* Pods-Navigation.debug.xcconfig */;
			buildSettings = {
				ALWAYS_EMBED_SWIFT_STANDARD_LIBRARIES = YES;
				ASSETCATALOG_COMPILER_APPICON_NAME = AppIcon;
				ASSETCATALOG_COMPILER_GLOBAL_ACCENT_COLOR_NAME = AccentColor;
				CODE_SIGN_STYLE = Automatic;
				CURRENT_PROJECT_VERSION = 1;
				ENABLE_USER_SCRIPT_SANDBOXING = NO;
				GENERATE_INFOPLIST_FILE = YES;
				INFOPLIST_FILE = Navigation/Info.plist;
				INFOPLIST_KEY_UIApplicationSupportsIndirectInputEvents = YES;
				INFOPLIST_KEY_UILaunchStoryboardName = LaunchScreen;
				INFOPLIST_KEY_UISupportedInterfaceOrientations_iPad = "UIInterfaceOrientationPortrait UIInterfaceOrientationPortraitUpsideDown UIInterfaceOrientationLandscapeLeft UIInterfaceOrientationLandscapeRight";
				INFOPLIST_KEY_UISupportedInterfaceOrientations_iPhone = "UIInterfaceOrientationPortrait UIInterfaceOrientationLandscapeLeft UIInterfaceOrientationLandscapeRight";
				LD_RUNPATH_SEARCH_PATHS = (
					"$(inherited)",
					"@executable_path/Frameworks",
				);
				MARKETING_VERSION = 1.0;
				"OTHER_SWIFT_FLAGS[arch=*]" = "-DDEBUG";
				PRODUCT_BUNDLE_IDENTIFIER = my.Navigation;
				PRODUCT_NAME = "$(TARGET_NAME)";
				SUPPORTED_PLATFORMS = "iphoneos iphonesimulator";
				SUPPORTS_MACCATALYST = NO;
				SUPPORTS_MAC_DESIGNED_FOR_IPHONE_IPAD = NO;
				SWIFT_EMIT_LOC_STRINGS = YES;
				SWIFT_VERSION = 5.0;
				TARGETED_DEVICE_FAMILY = 1;
			};
			name = Debug;
		};
		9133DD9D2C0C4F8D00EE126E /* Release */ = {
			isa = XCBuildConfiguration;
			baseConfigurationReference = D0CD71DB63E63CA20668F642 /* Pods-Navigation.release.xcconfig */;
			buildSettings = {
				ALWAYS_EMBED_SWIFT_STANDARD_LIBRARIES = YES;
				ASSETCATALOG_COMPILER_APPICON_NAME = AppIcon;
				ASSETCATALOG_COMPILER_GLOBAL_ACCENT_COLOR_NAME = AccentColor;
				CODE_SIGN_STYLE = Automatic;
				CURRENT_PROJECT_VERSION = 1;
				ENABLE_USER_SCRIPT_SANDBOXING = NO;
				GENERATE_INFOPLIST_FILE = YES;
				INFOPLIST_FILE = Navigation/Info.plist;
				INFOPLIST_KEY_UIApplicationSupportsIndirectInputEvents = YES;
				INFOPLIST_KEY_UILaunchStoryboardName = LaunchScreen;
				INFOPLIST_KEY_UISupportedInterfaceOrientations_iPad = "UIInterfaceOrientationPortrait UIInterfaceOrientationPortraitUpsideDown UIInterfaceOrientationLandscapeLeft UIInterfaceOrientationLandscapeRight";
				INFOPLIST_KEY_UISupportedInterfaceOrientations_iPhone = "UIInterfaceOrientationPortrait UIInterfaceOrientationLandscapeLeft UIInterfaceOrientationLandscapeRight";
				LD_RUNPATH_SEARCH_PATHS = (
					"$(inherited)",
					"@executable_path/Frameworks",
				);
				MARKETING_VERSION = 1.0;
				PRODUCT_BUNDLE_IDENTIFIER = my.Navigation;
				PRODUCT_NAME = "$(TARGET_NAME)";
				SUPPORTED_PLATFORMS = "iphoneos iphonesimulator";
				SUPPORTS_MACCATALYST = NO;
				SUPPORTS_MAC_DESIGNED_FOR_IPHONE_IPAD = NO;
				SWIFT_EMIT_LOC_STRINGS = YES;
				SWIFT_VERSION = 5.0;
				TARGETED_DEVICE_FAMILY = 1;
			};
			name = Release;
		};
		914E0EA92CBEDFAA00F2CA0D /* Debug */ = {
			isa = XCBuildConfiguration;
			baseConfigurationReference = C9DC74C2334B09D89873B6E4 /* Pods-StorageService.debug.xcconfig */;
			buildSettings = {
				CODE_SIGN_STYLE = Automatic;
				CURRENT_PROJECT_VERSION = 1;
				DEFINES_MODULE = YES;
				DYLIB_COMPATIBILITY_VERSION = 1;
				DYLIB_CURRENT_VERSION = 1;
				DYLIB_INSTALL_NAME_BASE = "@rpath";
				ENABLE_MODULE_VERIFIER = YES;
				GENERATE_INFOPLIST_FILE = YES;
				INFOPLIST_KEY_NSHumanReadableCopyright = "";
				INSTALL_PATH = "$(LOCAL_LIBRARY_DIR)/Frameworks";
				LD_RUNPATH_SEARCH_PATHS = (
					"$(inherited)",
					"@executable_path/Frameworks",
					"@loader_path/Frameworks",
				);
				MARKETING_VERSION = 1.0;
				MODULE_VERIFIER_SUPPORTED_LANGUAGES = "objective-c objective-c++";
				MODULE_VERIFIER_SUPPORTED_LANGUAGE_STANDARDS = "gnu17 gnu++20";
				PRODUCT_BUNDLE_IDENTIFIER = my.StorageService;
				PRODUCT_NAME = "$(TARGET_NAME:c99extidentifier)";
				SKIP_INSTALL = YES;
				SWIFT_EMIT_LOC_STRINGS = YES;
				SWIFT_VERSION = 5.0;
				TARGETED_DEVICE_FAMILY = "1,2";
				VERSIONING_SYSTEM = "apple-generic";
				VERSION_INFO_PREFIX = "";
			};
			name = Debug;
		};
		914E0EAA2CBEDFAA00F2CA0D /* Release */ = {
			isa = XCBuildConfiguration;
			baseConfigurationReference = 86B45F6CDA628249D8A2EEBD /* Pods-StorageService.release.xcconfig */;
			buildSettings = {
				CODE_SIGN_STYLE = Automatic;
				CURRENT_PROJECT_VERSION = 1;
				DEFINES_MODULE = YES;
				DYLIB_COMPATIBILITY_VERSION = 1;
				DYLIB_CURRENT_VERSION = 1;
				DYLIB_INSTALL_NAME_BASE = "@rpath";
				ENABLE_MODULE_VERIFIER = YES;
				GENERATE_INFOPLIST_FILE = YES;
				INFOPLIST_KEY_NSHumanReadableCopyright = "";
				INSTALL_PATH = "$(LOCAL_LIBRARY_DIR)/Frameworks";
				LD_RUNPATH_SEARCH_PATHS = (
					"$(inherited)",
					"@executable_path/Frameworks",
					"@loader_path/Frameworks",
				);
				MARKETING_VERSION = 1.0;
				MODULE_VERIFIER_SUPPORTED_LANGUAGES = "objective-c objective-c++";
				MODULE_VERIFIER_SUPPORTED_LANGUAGE_STANDARDS = "gnu17 gnu++20";
				PRODUCT_BUNDLE_IDENTIFIER = my.StorageService;
				PRODUCT_NAME = "$(TARGET_NAME:c99extidentifier)";
				SKIP_INSTALL = YES;
				SWIFT_EMIT_LOC_STRINGS = YES;
				SWIFT_VERSION = 5.0;
				TARGETED_DEVICE_FAMILY = "1,2";
				VERSIONING_SYSTEM = "apple-generic";
				VERSION_INFO_PREFIX = "";
			};
			name = Release;
		};
/* End XCBuildConfiguration section */

/* Begin XCConfigurationList section */
		9133DD822C0C4F8C00EE126E /* Build configuration list for PBXProject "Navigation" */ = {
			isa = XCConfigurationList;
			buildConfigurations = (
				9133DD992C0C4F8D00EE126E /* Debug */,
				9133DD9A2C0C4F8D00EE126E /* Release */,
			);
			defaultConfigurationIsVisible = 0;
			defaultConfigurationName = Release;
		};
		9133DD9B2C0C4F8D00EE126E /* Build configuration list for PBXNativeTarget "Navigation" */ = {
			isa = XCConfigurationList;
			buildConfigurations = (
				9133DD9C2C0C4F8D00EE126E /* Debug */,
				9133DD9D2C0C4F8D00EE126E /* Release */,
			);
			defaultConfigurationIsVisible = 0;
			defaultConfigurationName = Release;
		};
		914E0EAB2CBEDFAA00F2CA0D /* Build configuration list for PBXNativeTarget "StorageService" */ = {
			isa = XCConfigurationList;
			buildConfigurations = (
				914E0EA92CBEDFAA00F2CA0D /* Debug */,
				914E0EAA2CBEDFAA00F2CA0D /* Release */,
			);
			defaultConfigurationIsVisible = 0;
			defaultConfigurationName = Release;
		};
/* End XCConfigurationList section */
	};
	rootObject = 9133DD7F2C0C4F8C00EE126E /* Project object */;
}
